Microsoft Visual Studio Solution File, Format Version 11.00
# Visual Studio 2008

Project("{C1033655-A2A9-3EB6-6CB7-C390B32EEFA9}") = "Waver", "Assembly-CSharp.csproj", "{5D2832C8-E116-423C-C646-CA876EAC9F6B}"
EndProject
Global
	GlobalSection(SolutionConfigurationPlatforms) = preSolution
		Debug|Any CPU = Debug|Any CPU
		Release|Any CPU = Release|Any CPU
	EndGlobalSection
	GlobalSection(ProjectConfigurationPlatforms) = postSolution
		{5D2832C8-E116-423C-C646-CA876EAC9F6B}.Debug|Any CPU.ActiveCfg = Debug|Any CPU
		{5D2832C8-E116-423C-C646-CA876EAC9F6B}.Debug|Any CPU.Build.0 = Debug|Any CPU
		{5D2832C8-E116-423C-C646-CA876EAC9F6B}.Release|Any CPU.ActiveCfg = Release|Any CPU
		{5D2832C8-E116-423C-C646-CA876EAC9F6B}.Release|Any CPU.Build.0 = Release|Any CPU
	EndGlobalSection
	GlobalSection(SolutionProperties) = preSolution
		HideSolutionNode = FALSE
	EndGlobalSection
	GlobalSection(MonoDevelopProperties) = preSolution
		StartupItem = Assembly-CSharp.csproj
	EndGlobalSection
EndGlobal
